// !$*UTF8*$!
{
	archiveVersion = 1;
	classes = {
	};
	objectVersion = 50;
	objects = {

/* Begin PBXBuildFile section */
		774B2908249A2B7B000635A5 /* AppDelegate.swift in Sources */ = {isa = PBXBuildFile; fileRef = 774B2907249A2B7B000635A5 /* AppDelegate.swift */; };
		774B290A249A2B7B000635A5 /* SceneDelegate.swift in Sources */ = {isa = PBXBuildFile; fileRef = 774B2909249A2B7B000635A5 /* SceneDelegate.swift */; };
		774B290F249A2B7B000635A5 /* Main.storyboard in Resources */ = {isa = PBXBuildFile; fileRef = 774B290D249A2B7B000635A5 /* Main.storyboard */; };
		774B2911249A2B7E000635A5 /* Assets.xcassets in Resources */ = {isa = PBXBuildFile; fileRef = 774B2910249A2B7E000635A5 /* Assets.xcassets */; };
		774B2914249A2B7E000635A5 /* LaunchScreen.storyboard in Resources */ = {isa = PBXBuildFile; fileRef = 774B2912249A2B7E000635A5 /* LaunchScreen.storyboard */; };
		77F3A19624B70F2C009D677A /* CircleVIew.swift in Sources */ = {isa = PBXBuildFile; fileRef = 77F3A19524B70F2C009D677A /* CircleVIew.swift */; };
		77F3A19824B71F1D009D677A /* WeatherService.swift in Sources */ = {isa = PBXBuildFile; fileRef = 77F3A19724B71F1D009D677A /* WeatherService.swift */; };
		77F3A19A24B72743009D677A /* WeatherResponse.swift in Sources */ = {isa = PBXBuildFile; fileRef = 77F3A19924B72743009D677A /* WeatherResponse.swift */; };
		77F3A1A124BC75B8009D677A /* CirclePresenter.swift in Sources */ = {isa = PBXBuildFile; fileRef = 77F3A19B24BC75B8009D677A /* CirclePresenter.swift */; };
		77F3A1A224BC75B8009D677A /* CircleWorker.swift in Sources */ = {isa = PBXBuildFile; fileRef = 77F3A19C24BC75B8009D677A /* CircleWorker.swift */; };
		77F3A1A324BC75B8009D677A /* CircleRouter.swift in Sources */ = {isa = PBXBuildFile; fileRef = 77F3A19D24BC75B8009D677A /* CircleRouter.swift */; };
		77F3A1A424BC75B8009D677A /* CircleModels.swift in Sources */ = {isa = PBXBuildFile; fileRef = 77F3A19E24BC75B8009D677A /* CircleModels.swift */; };
		77F3A1A524BC75B8009D677A /* CircleViewController.swift in Sources */ = {isa = PBXBuildFile; fileRef = 77F3A19F24BC75B8009D677A /* CircleViewController.swift */; };
		77F3A1A624BC75B8009D677A /* CircleInteractor.swift in Sources */ = {isa = PBXBuildFile; fileRef = 77F3A1A024BC75B8009D677A /* CircleInteractor.swift */; };
/* End PBXBuildFile section */

/* Begin PBXFileReference section */
		774B2904249A2B7B000635A5 /* TraineeTask.app */ = {isa = PBXFileReference; explicitFileType = wrapper.application; includeInIndex = 0; path = TraineeTask.app; sourceTree = BUILT_PRODUCTS_DIR; };
		774B2907249A2B7B000635A5 /* AppDelegate.swift */ = {isa = PBXFileReference; lastKnownFileType = sourcecode.swift; path = AppDelegate.swift; sourceTree = "<group>"; };
		774B2909249A2B7B000635A5 /* SceneDelegate.swift */ = {isa = PBXFileReference; lastKnownFileType = sourcecode.swift; path = SceneDelegate.swift; sourceTree = "<group>"; };
		774B290E249A2B7B000635A5 /* Base */ = {isa = PBXFileReference; lastKnownFileType = file.storyboard; name = Base; path = Base.lproj/Main.storyboard; sourceTree = "<group>"; };
		774B2910249A2B7E000635A5 /* Assets.xcassets */ = {isa = PBXFileReference; lastKnownFileType = folder.assetcatalog; path = Assets.xcassets; sourceTree = "<group>"; };
		774B2913249A2B7E000635A5 /* Base */ = {isa = PBXFileReference; lastKnownFileType = file.storyboard; name = Base; path = Base.lproj/LaunchScreen.storyboard; sourceTree = "<group>"; };
		774B2915249A2B7E000635A5 /* Info.plist */ = {isa = PBXFileReference; lastKnownFileType = text.plist.xml; path = Info.plist; sourceTree = "<group>"; };
		77F3A19524B70F2C009D677A /* CircleVIew.swift */ = {isa = PBXFileReference; lastKnownFileType = sourcecode.swift; path = CircleVIew.swift; sourceTree = "<group>"; };
		77F3A19724B71F1D009D677A /* WeatherService.swift */ = {isa = PBXFileReference; lastKnownFileType = sourcecode.swift; path = WeatherService.swift; sourceTree = "<group>"; };
		77F3A19924B72743009D677A /* WeatherResponse.swift */ = {isa = PBXFileReference; lastKnownFileType = sourcecode.swift; path = WeatherResponse.swift; sourceTree = "<group>"; };
		77F3A19B24BC75B8009D677A /* CirclePresenter.swift */ = {isa = PBXFileReference; lastKnownFileType = sourcecode.swift; path = CirclePresenter.swift; sourceTree = "<group>"; };
		77F3A19C24BC75B8009D677A /* CircleWorker.swift */ = {isa = PBXFileReference; lastKnownFileType = sourcecode.swift; path = CircleWorker.swift; sourceTree = "<group>"; };
		77F3A19D24BC75B8009D677A /* CircleRouter.swift */ = {isa = PBXFileReference; lastKnownFileType = sourcecode.swift; path = CircleRouter.swift; sourceTree = "<group>"; };
		77F3A19E24BC75B8009D677A /* CircleModels.swift */ = {isa = PBXFileReference; lastKnownFileType = sourcecode.swift; path = CircleModels.swift; sourceTree = "<group>"; };
		77F3A19F24BC75B8009D677A /* CircleViewController.swift */ = {isa = PBXFileReference; lastKnownFileType = sourcecode.swift; path = CircleViewController.swift; sourceTree = "<group>"; };
		77F3A1A024BC75B8009D677A /* CircleInteractor.swift */ = {isa = PBXFileReference; lastKnownFileType = sourcecode.swift; path = CircleInteractor.swift; sourceTree = "<group>"; };
/* End PBXFileReference section */

/* Begin PBXFrameworksBuildPhase section */
		774B2901249A2B7B000635A5 /* Frameworks */ = {
			isa = PBXFrameworksBuildPhase;
			buildActionMask = 2147483647;
			files = (
			);
			runOnlyForDeploymentPostprocessing = 0;
		};
/* End PBXFrameworksBuildPhase section */

/* Begin PBXGroup section */
		774B28FB249A2B7B000635A5 = {
			isa = PBXGroup;
			children = (
				774B2906249A2B7B000635A5 /* TraineeTask */,
				774B2905249A2B7B000635A5 /* Products */,
			);
			sourceTree = "<group>";
		};
		774B2905249A2B7B000635A5 /* Products */ = {
			isa = PBXGroup;
			children = (
				774B2904249A2B7B000635A5 /* TraineeTask.app */,
			);
			name = Products;
			sourceTree = "<group>";
		};
		774B2906249A2B7B000635A5 /* TraineeTask */ = {
			isa = PBXGroup;
			children = (
				774B2907249A2B7B000635A5 /* AppDelegate.swift */,
				774B2909249A2B7B000635A5 /* SceneDelegate.swift */,
				77F3A1A724BC75C1009D677A /* Scene */,
				774B290D249A2B7B000635A5 /* Main.storyboard */,
				774B2910249A2B7E000635A5 /* Assets.xcassets */,
				774B2912249A2B7E000635A5 /* LaunchScreen.storyboard */,
				774B2915249A2B7E000635A5 /* Info.plist */,
			);
			path = TraineeTask;
			sourceTree = "<group>";
		};
		77F3A1A724BC75C1009D677A /* Scene */ = {
			isa = PBXGroup;
			children = (
				77F3A19524B70F2C009D677A /* CircleVIew.swift */,
				77F3A19724B71F1D009D677A /* WeatherService.swift */,
				77F3A19924B72743009D677A /* WeatherResponse.swift */,
				77F3A19B24BC75B8009D677A /* CirclePresenter.swift */,
				77F3A19C24BC75B8009D677A /* CircleWorker.swift */,
				77F3A19D24BC75B8009D677A /* CircleRouter.swift */,
				77F3A19E24BC75B8009D677A /* CircleModels.swift */,
				77F3A19F24BC75B8009D677A /* CircleViewController.swift */,
				77F3A1A024BC75B8009D677A /* CircleInteractor.swift */,
			);
			path = Scene;
			sourceTree = "<group>";
		};
/* End PBXGroup section */

/* Begin PBXNativeTarget section */
		774B2903249A2B7B000635A5 /* TraineeTask */ = {
			isa = PBXNativeTarget;
			buildConfigurationList = 774B2918249A2B7E000635A5 /* Build configuration list for PBXNativeTarget "TraineeTask" */;
			buildPhases = (
				774B2900249A2B7B000635A5 /* Sources */,
				774B2901249A2B7B000635A5 /* Frameworks */,
				774B2902249A2B7B000635A5 /* Resources */,
			);
			buildRules = (
			);
			dependencies = (
			);
			name = TraineeTask;
			productName = TraineeTask;
			productReference = 774B2904249A2B7B000635A5 /* TraineeTask.app */;
			productType = "com.apple.product-type.application";
		};
/* End PBXNativeTarget section */

/* Begin PBXProject section */
		774B28FC249A2B7B000635A5 /* Project object */ = {
			isa = PBXProject;
			attributes = {
				LastSwiftUpdateCheck = 1150;
				LastUpgradeCheck = 1150;
				ORGANIZATIONNAME = "Ramin Akhmad";
				TargetAttributes = {
					774B2903249A2B7B000635A5 = {
						CreatedOnToolsVersion = 11.5;
					};
				};
			};
			buildConfigurationList = 774B28FF249A2B7B000635A5 /* Build configuration list for PBXProject "TraineeTask" */;
			compatibilityVersion = "Xcode 9.3";
			developmentRegion = en;
			hasScannedForEncodings = 0;
			knownRegions = (
				en,
				Base,
			);
			mainGroup = 774B28FB249A2B7B000635A5;
			productRefGroup = 774B2905249A2B7B000635A5 /* Products */;
			projectDirPath = "";
			projectRoot = "";
			targets = (
				774B2903249A2B7B000635A5 /* TraineeTask */,
			);
		};
/* End PBXProject section */

/* Begin PBXResourcesBuildPhase section */
		774B2902249A2B7B000635A5 /* Resources */ = {
			isa = PBXResourcesBuildPhase;
			buildActionMask = 2147483647;
			files = (
				774B2914249A2B7E000635A5 /* LaunchScreen.storyboard in Resources */,
				774B2911249A2B7E000635A5 /* Assets.xcassets in Resources */,
				774B290F249A2B7B000635A5 /* Main.storyboard in Resources */,
			);
			runOnlyForDeploymentPostprocessing = 0;
		};
/* End PBXResourcesBuildPhase section */

/* Begin PBXSourcesBuildPhase section */
		774B2900249A2B7B000635A5 /* Sources */ = {
			isa = PBXSourcesBuildPhase;
			buildActionMask = 2147483647;
			files = (
				77F3A19824B71F1D009D677A /* WeatherService.swift in Sources */,
				77F3A1A524BC75B8009D677A /* CircleViewController.swift in Sources */,
				77F3A1A624BC75B8009D677A /* CircleInteractor.swift in Sources */,
				77F3A1A224BC75B8009D677A /* CircleWorker.swift in Sources */,
				77F3A1A124BC75B8009D677A /* CirclePresenter.swift in Sources */,
				77F3A19A24B72743009D677A /* WeatherResponse.swift in Sources */,
				77F3A19624B70F2C009D677A /* CircleVIew.swift in Sources */,
				774B2908249A2B7B000635A5 /* AppDelegate.swift in Sources */,
				77F3A1A324BC75B8009D677A /* CircleRouter.swift in Sources */,
				774B290A249A2B7B000635A5 /* SceneDelegate.swift in Sources */,
				77F3A1A424BC75B8009D677A /* CircleModels.swift in Sources */,
			);
			runOnlyForDeploymentPostprocessing = 0;
		};
/* End PBXSourcesBuildPhase section */

/* Begin PBXVariantGroup section */
		774B290D249A2B7B000635A5 /* Main.storyboard */ = {
			isa = PBXVariantGroup;
			children = (
				774B290E249A2B7B000635A5 /* Base */,
			);
			name = Main.storyboard;
			sourceTree = "<group>";
		};
		774B2912249A2B7E000635A5 /* LaunchScreen.storyboard */ = {
			isa = PBXVariantGroup;
			children = (
				774B2913249A2B7E000635A5 /* Base */,
			);
			name = LaunchScreen.storyboard;
			sourceTree = "<group>";
		};
/* End PBXVariantGroup section */

/* Begin XCBuildConfiguration section */
		774B2916249A2B7E000635A5 /* Debug */ = {
			isa = XCBuildConfiguration;
			buildSettings = {
				ALWAYS_SEARCH_USER_PATHS = NO;
				CLANG_ANALYZER_NONNULL = YES;
				CLANG_ANALYZER_NUMBER_OBJECT_CONVERSION = YES_AGGRESSIVE;
				CLANG_CXX_LANGUAGE_STANDARD = "gnu++14";
				CLANG_CXX_LIBRARY = "libc++";
				CLANG_ENABLE_MODULES = YES;
				CLANG_ENABLE_OBJC_ARC = YES;
				CLANG_ENABLE_OBJC_WEAK = YES;
				CLANG_WARN_BLOCK_CAPTURE_AUTORELEASING = YES;
				CLANG_WARN_BOOL_CONVERSION = YES;
				CLANG_WARN_COMMA = YES;
				CLANG_WARN_CONSTANT_CONVERSION = YES;
				CLANG_WARN_DEPRECATED_OBJC_IMPLEMENTATIONS = YES;
				CLANG_WARN_DIRECT_OBJC_ISA_USAGE = YES_ERROR;
				CLANG_WARN_DOCUMENTATION_COMMENTS = YES;
				CLANG_WARN_EMPTY_BODY = YES;
				CLANG_WARN_ENUM_CONVERSION = YES;
				CLANG_WARN_INFINITE_RECURSION = YES;
				CLANG_WARN_INT_CONVERSION = YES;
				CLANG_WARN_NON_LITERAL_NULL_CONVERSION = YES;
				CLANG_WARN_OBJC_IMPLICIT_RETAIN_SELF = YES;
				CLANG_WARN_OBJC_LITERAL_CONVERSION = YES;
				CLANG_WARN_OBJC_ROOT_CLASS = YES_ERROR;
				CLANG_WARN_RANGE_LOOP_ANALYSIS = YES;
				CLANG_WARN_STRICT_PROTOTYPES = YES;
				CLANG_WARN_SUSPICIOUS_MOVE = YES;
				CLANG_WARN_UNGUARDED_AVAILABILITY = YES_AGGRESSIVE;
				CLANG_WARN_UNREACHABLE_CODE = YES;
				CLANG_WARN__DUPLICATE_METHOD_MATCH = YES;
				COPY_PHASE_STRIP = NO;
				DEBUG_INFORMATION_FORMAT = dwarf;
				ENABLE_STRICT_OBJC_MSGSEND = YES;
				ENABLE_TESTABILITY = YES;
				GCC_C_LANGUAGE_STANDARD = gnu11;
				GCC_DYNAMIC_NO_PIC = NO;
				GCC_NO_COMMON_BLOCKS = YES;
				GCC_OPTIMIZATION_LEVEL = 0;
				GCC_PREPROCESSOR_DEFINITIONS = (
					"DEBUG=1",
					"$(inherited)",
				);
				GCC_WARN_64_TO_32_BIT_CONVERSION = YES;
				GCC_WARN_ABOUT_RETURN_TYPE = YES_ERROR;
				GCC_WARN_UNDECLARED_SELECTOR = YES;
				GCC_WARN_UNINITIALIZED_AUTOS = YES_AGGRESSIVE;
				GCC_WARN_UNUSED_FUNCTION = YES;
				GCC_WARN_UNUSED_VARIABLE = YES;
				IPHONEOS_DEPLOYMENT_TARGET = 13.5;
				MTL_ENABLE_DEBUG_INFO = INCLUDE_SOURCE;
				MTL_FAST_MATH = YES;
				ONLY_ACTIVE_ARCH = YES;
				SDKROOT = iphoneos;
				SWIFT_ACTIVE_COMPILATION_CONDITIONS = DEBUG;
				SWIFT_OPTIMIZATION_LEVEL = "-Onone";
			};
			name = Debug;
		};
		774B2917249A2B7E000635A5 /* Release */ = {
			isa = XCBuildConfiguration;
			buildSettings = {
				ALWAYS_SEARCH_USER_PATHS = NO;
				CLANG_ANALYZER_NONNULL = YES;
				CLANG_ANALYZER_NUMBER_OBJECT_CONVERSION = YES_AGGRESSIVE;
				CLANG_CXX_LANGUAGE_STANDARD = "gnu++14";
				CLANG_CXX_LIBRARY = "libc++";
				CLANG_ENABLE_MODULES = YES;
				CLANG_ENABLE_OBJC_ARC = YES;
				CLANG_ENABLE_OBJC_WEAK = YES;
				CLANG_WARN_BLOCK_CAPTURE_AUTORELEASING = YES;
				CLANG_WARN_BOOL_CONVERSION = YES;
				CLANG_WARN_COMMA = YES;
				CLANG_WARN_CONSTANT_CONVERSION = YES;
				CLANG_WARN_DEPRECATED_OBJC_IMPLEMENTATIONS = YES;
				CLANG_WARN_DIRECT_OBJC_ISA_USAGE = YES_ERROR;
				CLANG_WARN_DOCUMENTATION_COMMENTS = YES;
				CLANG_WARN_EMPTY_BODY = YES;
				CLANG_WARN_ENUM_CONVERSION = YES;
				CLANG_WARN_INFINITE_RECURSION = YES;
				CLANG_WARN_INT_CONVERSION = YES;
				CLANG_WARN_NON_LITERAL_NULL_CONVERSION = YES;
				CLANG_WARN_OBJC_IMPLICIT_RETAIN_SELF = YES;
				CLANG_WARN_OBJC_LITERAL_CONVERSION = YES;
				CLANG_WARN_OBJC_ROOT_CLASS = YES_ERROR;
				CLANG_WARN_RANGE_LOOP_ANALYSIS = YES;
				CLANG_WARN_STRICT_PROTOTYPES = YES;
				CLANG_WARN_SUSPICIOUS_MOVE = YES;
				CLANG_WARN_UNGUARDED_AVAILABILITY = YES_AGGRESSIVE;
				CLANG_WARN_UNREACHABLE_CODE = YES;
				CLANG_WARN__DUPLICATE_METHOD_MATCH = YES;
				COPY_PHASE_STRIP = NO;
				DEBUG_INFORMATION_FORMAT = "dwarf-with-dsym";
				ENABLE_NS_ASSERTIONS = NO;
				ENABLE_STRICT_OBJC_MSGSEND = YES;
				GCC_C_LANGUAGE_STANDARD = gnu11;
				GCC_NO_COMMON_BLOCKS = YES;
				GCC_WARN_64_TO_32_BIT_CONVERSION = YES;
				GCC_WARN_ABOUT_RETURN_TYPE = YES_ERROR;
				GCC_WARN_UNDECLARED_SELECTOR = YES;
				GCC_WARN_UNINITIALIZED_AUTOS = YES_AGGRESSIVE;
				GCC_WARN_UNUSED_FUNCTION = YES;
				GCC_WARN_UNUSED_VARIABLE = YES;
				IPHONEOS_DEPLOYMENT_TARGET = 13.5;
				MTL_ENABLE_DEBUG_INFO = NO;
				MTL_FAST_MATH = YES;
				SDKROOT = iphoneos;
				SWIFT_COMPILATION_MODE = wholemodule;
				SWIFT_OPTIMIZATION_LEVEL = "-O";
				VALIDATE_PRODUCT = YES;
			};
			name = Release;
		};
		774B2919249A2B7E000635A5 /* Debug */ = {
			isa = XCBuildConfiguration;
			buildSettings = {
				ASSETCATALOG_COMPILER_APPICON_NAME = AppIcon;
				CODE_SIGN_STYLE = Automatic;
				DEVELOPMENT_TEAM = 5W8PAGK42M;
				INFOPLIST_FILE = TraineeTask/Info.plist;
				LD_RUNPATH_SEARCH_PATHS = (
					"$(inherited)",
					"@executable_path/Frameworks",
				);
				PRODUCT_BUNDLE_IDENTIFIER = com.Andersen.TraineeTask;
				PRODUCT_NAME = "$(TARGET_NAME)";
				SWIFT_VERSION = 5.0;
				TARGETED_DEVICE_FAMILY = "1,2";
			};
			name = Debug;
		};
		774B291A249A2B7E000635A5 /* Release */ = {
			isa = XCBuildConfiguration;
			buildSettings = {
				ASSETCATALOG_COMPILER_APPICON_NAME = AppIcon;
				CODE_SIGN_STYLE = Automatic;
				DEVELOPMENT_TEAM = 5W8PAGK42M;
				INFOPLIST_FILE = TraineeTask/Info.plist;
				LD_RUNPATH_SEARCH_PATHS = (
					"$(inherited)",
					"@executable_path/Frameworks",
				);
				PRODUCT_BUNDLE_IDENTIFIER = com.Andersen.TraineeTask;
				PRODUCT_NAME = "$(TARGET_NAME)";
				SWIFT_VERSION = 5.0;
				TARGETED_DEVICE_FAMILY = "1,2";
			};
			name = Release;
		};
/* End XCBuildConfiguration section */

/* Begin XCConfigurationList section */
		774B28FF249A2B7B000635A5 /* Build configuration list for PBXProject "TraineeTask" */ = {
			isa = XCConfigurationList;
			buildConfigurations = (
				774B2916249A2B7E000635A5 /* Debug */,
				774B2917249A2B7E000635A5 /* Release */,
			);
			defaultConfigurationIsVisible = 0;
			defaultConfigurationName = Release;
		};
		774B2918249A2B7E000635A5 /* Build configuration list for PBXNativeTarget "TraineeTask" */ = {
			isa = XCConfigurationList;
			buildConfigurations = (
				774B2919249A2B7E000635A5 /* Debug */,
				774B291A249A2B7E000635A5 /* Release */,
			);
			defaultConfigurationIsVisible = 0;
			defaultConfigurationName = Release;
		};
/* End XCConfigurationList section */
	};
	rootObject = 774B28FC249A2B7B000635A5 /* Project object */;
}
